
Microsoft Visual Studio Solution File, Format Version 12.00
# Visual Studio 2013
VisualStudioVersion = 12.0.31101.0
MinimumVisualStudioVersion = 10.0.40219.1
Project("{FAE04EC0-301F-11D3-BF4B-00C04F79EFBC}") = "ODKBluetoothTransfer", "ODKBluetoothTransfer.csproj", "{282602A0-E3F6-4614-A90B-EB7C9E89114E}"
EndProject
Project("{FAE04EC0-301F-11D3-BF4B-00C04F79EFBC}") = "ODKBluetoothTransfer.Core", "..\EbolaResponse.Core\ODKBluetoothTransfer.Core.csproj", "{624EDBC1-A6BC-4D53-9D2C-CAD9EB8B4395}"
EndProject
Project("{6141683F-8A12-4E36-9623-2EB02B2C2303}") = "Setup3", "..\Setup3\Setup3.isproj", "{A1A1D598-F3FE-4896-A761-B569B0966B0F}"
EndProject
Project("{6141683F-8A12-4E36-9623-2EB02B2C2303}") = "Setup4", "..\Setup4\Setup4.isproj", "{85703AF2-CB2D-4EA6-85D0-E935978416C6}"
	ProjectSection(ProjectDependencies) = postProject
		{282602A0-E3F6-4614-A90B-EB7C9E89114E} = {282602A0-E3F6-4614-A90B-EB7C9E89114E}
	EndProjectSection
EndProject
Global
	GlobalSection(SolutionConfigurationPlatforms) = preSolution
		CD_ROM|Any CPU = CD_ROM|Any CPU
		CD_ROM|x64 = CD_ROM|x64
		CD_ROM|x86 = CD_ROM|x86
		Debug|Any CPU = Debug|Any CPU
		Debug|x64 = Debug|x64
		Debug|x86 = Debug|x86
		DVD-5|Any CPU = DVD-5|Any CPU
		DVD-5|x64 = DVD-5|x64
		DVD-5|x86 = DVD-5|x86
		Release|Any CPU = Release|Any CPU
		Release|x64 = Release|x64
		Release|x86 = Release|x86
		SingleImage|Any CPU = SingleImage|Any CPU
		SingleImage|x64 = SingleImage|x64
		SingleImage|x86 = SingleImage|x86
	EndGlobalSection
	GlobalSection(ProjectConfigurationPlatforms) = postSolution
		{282602A0-E3F6-4614-A90B-EB7C9E89114E}.CD_ROM|Any CPU.ActiveCfg = Release|Any CPU
		{282602A0-E3F6-4614-A90B-EB7C9E89114E}.CD_ROM|Any CPU.Build.0 = Release|Any CPU
		{282602A0-E3F6-4614-A90B-EB7C9E89114E}.CD_ROM|x64.ActiveCfg = Release|x64
		{282602A0-E3F6-4614-A90B-EB7C9E89114E}.CD_ROM|x64.Build.0 = Release|x64
		{282602A0-E3F6-4614-A90B-EB7C9E89114E}.CD_ROM|x86.ActiveCfg = Release|x86
		{282602A0-E3F6-4614-A90B-EB7C9E89114E}.CD_ROM|x86.Build.0 = Release|x86
		{282602A0-E3F6-4614-A90B-EB7C9E89114E}.Debug|Any CPU.ActiveCfg = Debug|Any CPU
		{282602A0-E3F6-4614-A90B-EB7C9E89114E}.Debug|Any CPU.Build.0 = Debug|Any CPU
		{282602A0-E3F6-4614-A90B-EB7C9E89114E}.Debug|x64.ActiveCfg = Debug|x64
		{282602A0-E3F6-4614-A90B-EB7C9E89114E}.Debug|x64.Build.0 = Debug|x64
		{282602A0-E3F6-4614-A90B-EB7C9E89114E}.Debug|x86.ActiveCfg = Debug|x86
		{282602A0-E3F6-4614-A90B-EB7C9E89114E}.DVD-5|Any CPU.ActiveCfg = Debug|Any CPU
		{282602A0-E3F6-4614-A90B-EB7C9E89114E}.DVD-5|Any CPU.Build.0 = Debug|Any CPU
		{282602A0-E3F6-4614-A90B-EB7C9E89114E}.DVD-5|x64.ActiveCfg = Debug|x64
		{282602A0-E3F6-4614-A90B-EB7C9E89114E}.DVD-5|x64.Build.0 = Debug|x64
		{282602A0-E3F6-4614-A90B-EB7C9E89114E}.DVD-5|x86.ActiveCfg = Debug|x86
		{282602A0-E3F6-4614-A90B-EB7C9E89114E}.DVD-5|x86.Build.0 = Debug|x86
		{282602A0-E3F6-4614-A90B-EB7C9E89114E}.Release|Any CPU.ActiveCfg = Release|Any CPU
		{282602A0-E3F6-4614-A90B-EB7C9E89114E}.Release|Any CPU.Build.0 = Release|Any CPU
		{282602A0-E3F6-4614-A90B-EB7C9E89114E}.Release|x64.ActiveCfg = Release|x64
		{282602A0-E3F6-4614-A90B-EB7C9E89114E}.Release|x64.Build.0 = Release|x64
		{282602A0-E3F6-4614-A90B-EB7C9E89114E}.Release|x86.ActiveCfg = Release|x86
		{282602A0-E3F6-4614-A90B-EB7C9E89114E}.Release|x86.Build.0 = Release|x86
		{282602A0-E3F6-4614-A90B-EB7C9E89114E}.SingleImage|Any CPU.ActiveCfg = Release|Any CPU
		{282602A0-E3F6-4614-A90B-EB7C9E89114E}.SingleImage|Any CPU.Build.0 = Release|Any CPU
		{282602A0-E3F6-4614-A90B-EB7C9E89114E}.SingleImage|x64.ActiveCfg = Release|x64
		{282602A0-E3F6-4614-A90B-EB7C9E89114E}.SingleImage|x64.Build.0 = Release|x64
		{282602A0-E3F6-4614-A90B-EB7C9E89114E}.SingleImage|x86.ActiveCfg = Debug|x86
		{282602A0-E3F6-4614-A90B-EB7C9E89114E}.SingleImage|x86.Build.0 = Debug|x86
		{624EDBC1-A6BC-4D53-9D2C-CAD9EB8B4395}.CD_ROM|Any CPU.ActiveCfg = Release|Any CPU
		{624EDBC1-A6BC-4D53-9D2C-CAD9EB8B4395}.CD_ROM|Any CPU.Build.0 = Release|Any CPU
		{624EDBC1-A6BC-4D53-9D2C-CAD9EB8B4395}.CD_ROM|x64.ActiveCfg = Debug|Any CPU
		{624EDBC1-A6BC-4D53-9D2C-CAD9EB8B4395}.CD_ROM|x86.ActiveCfg = Debug|Any CPU
		{624EDBC1-A6BC-4D53-9D2C-CAD9EB8B4395}.Debug|Any CPU.ActiveCfg = Debug|Any CPU
		{624EDBC1-A6BC-4D53-9D2C-CAD9EB8B4395}.Debug|Any CPU.Build.0 = Debug|Any CPU
		{624EDBC1-A6BC-4D53-9D2C-CAD9EB8B4395}.Debug|x64.ActiveCfg = Debug|Any CPU
		{624EDBC1-A6BC-4D53-9D2C-CAD9EB8B4395}.Debug|x86.ActiveCfg = Debug|Any CPU
		{624EDBC1-A6BC-4D53-9D2C-CAD9EB8B4395}.DVD-5|Any CPU.ActiveCfg = Debug|Any CPU
		{624EDBC1-A6BC-4D53-9D2C-CAD9EB8B4395}.DVD-5|Any CPU.Build.0 = Debug|Any CPU
		{624EDBC1-A6BC-4D53-9D2C-CAD9EB8B4395}.DVD-5|x64.ActiveCfg = Debug|Any CPU
		{624EDBC1-A6BC-4D53-9D2C-CAD9EB8B4395}.DVD-5|x86.ActiveCfg = Debug|Any CPU
		{624EDBC1-A6BC-4D53-9D2C-CAD9EB8B4395}.Release|Any CPU.ActiveCfg = Release|Any CPU
		{624EDBC1-A6BC-4D53-9D2C-CAD9EB8B4395}.Release|Any CPU.Build.0 = Release|Any CPU
		{624EDBC1-A6BC-4D53-9D2C-CAD9EB8B4395}.Release|x64.ActiveCfg = Release|Any CPU
		{624EDBC1-A6BC-4D53-9D2C-CAD9EB8B4395}.Release|x86.ActiveCfg = Release|Any CPU
		{624EDBC1-A6BC-4D53-9D2C-CAD9EB8B4395}.SingleImage|Any CPU.ActiveCfg = Release|Any CPU
		{624EDBC1-A6BC-4D53-9D2C-CAD9EB8B4395}.SingleImage|Any CPU.Build.0 = Release|Any CPU
		{624EDBC1-A6BC-4D53-9D2C-CAD9EB8B4395}.SingleImage|x64.ActiveCfg = Debug|Any CPU
		{624EDBC1-A6BC-4D53-9D2C-CAD9EB8B4395}.SingleImage|x86.ActiveCfg = Debug|Any CPU
		{A1A1D598-F3FE-4896-A761-B569B0966B0F}.CD_ROM|Any CPU.ActiveCfg = CD_ROM
		{A1A1D598-F3FE-4896-A761-B569B0966B0F}.CD_ROM|Any CPU.Build.0 = CD_ROM
		{A1A1D598-F3FE-4896-A761-B569B0966B0F}.CD_ROM|x64.ActiveCfg = CD_ROM
		{A1A1D598-F3FE-4896-A761-B569B0966B0F}.CD_ROM|x64.Build.0 = CD_ROM
		{A1A1D598-F3FE-4896-A761-B569B0966B0F}.CD_ROM|x86.ActiveCfg = CD_ROM
		{A1A1D598-F3FE-4896-A761-B569B0966B0F}.CD_ROM|x86.Build.0 = CD_ROM
		{A1A1D598-F3FE-4896-A761-B569B0966B0F}.Debug|Any CPU.ActiveCfg = DVD-5
		{A1A1D598-F3FE-4896-A761-B569B0966B0F}.Debug|Any CPU.Build.0 = DVD-5
		{A1A1D598-F3FE-4896-A761-B569B0966B0F}.Debug|x64.ActiveCfg = DVD-5
		{A1A1D598-F3FE-4896-A761-B569B0966B0F}.Debug|x64.Build.0 = DVD-5
		{A1A1D598-F3FE-4896-A761-B569B0966B0F}.Debug|x86.ActiveCfg = DVD-5
		{A1A1D598-F3FE-4896-A761-B569B0966B0F}.Debug|x86.Build.0 = DVD-5
		{A1A1D598-F3FE-4896-A761-B569B0966B0F}.DVD-5|Any CPU.ActiveCfg = DVD-5
		{A1A1D598-F3FE-4896-A761-B569B0966B0F}.DVD-5|Any CPU.Build.0 = DVD-5
		{A1A1D598-F3FE-4896-A761-B569B0966B0F}.DVD-5|x64.ActiveCfg = DVD-5
		{A1A1D598-F3FE-4896-A761-B569B0966B0F}.DVD-5|x64.Build.0 = DVD-5
		{A1A1D598-F3FE-4896-A761-B569B0966B0F}.DVD-5|x86.ActiveCfg = DVD-5
		{A1A1D598-F3FE-4896-A761-B569B0966B0F}.DVD-5|x86.Build.0 = DVD-5
		{A1A1D598-F3FE-4896-A761-B569B0966B0F}.Release|Any CPU.ActiveCfg = SingleImage
		{A1A1D598-F3FE-4896-A761-B569B0966B0F}.Release|Any CPU.Build.0 = SingleImage
		{A1A1D598-F3FE-4896-A761-B569B0966B0F}.Release|x64.ActiveCfg = SingleImage
		{A1A1D598-F3FE-4896-A761-B569B0966B0F}.Release|x64.Build.0 = SingleImage
		{A1A1D598-F3FE-4896-A761-B569B0966B0F}.Release|x86.ActiveCfg = SingleImage
		{A1A1D598-F3FE-4896-A761-B569B0966B0F}.Release|x86.Build.0 = SingleImage
		{A1A1D598-F3FE-4896-A761-B569B0966B0F}.SingleImage|Any CPU.ActiveCfg = SingleImage
		{A1A1D598-F3FE-4896-A761-B569B0966B0F}.SingleImage|Any CPU.Build.0 = SingleImage
		{A1A1D598-F3FE-4896-A761-B569B0966B0F}.SingleImage|x64.ActiveCfg = SingleImage
		{A1A1D598-F3FE-4896-A761-B569B0966B0F}.SingleImage|x64.Build.0 = SingleImage
		{A1A1D598-F3FE-4896-A761-B569B0966B0F}.SingleImage|x86.ActiveCfg = SingleImage
		{A1A1D598-F3FE-4896-A761-B569B0966B0F}.SingleImage|x86.Build.0 = SingleImage
		{85703AF2-CB2D-4EA6-85D0-E935978416C6}.CD_ROM|Any CPU.ActiveCfg = CD_ROM
		{85703AF2-CB2D-4EA6-85D0-E935978416C6}.CD_ROM|Any CPU.Build.0 = CD_ROM
		{85703AF2-CB2D-4EA6-85D0-E935978416C6}.CD_ROM|x64.ActiveCfg = CD_ROM
		{85703AF2-CB2D-4EA6-85D0-E935978416C6}.CD_ROM|x64.Build.0 = CD_ROM
		{85703AF2-CB2D-4EA6-85D0-E935978416C6}.CD_ROM|x86.ActiveCfg = CD_ROM
		{85703AF2-CB2D-4EA6-85D0-E935978416C6}.CD_ROM|x86.Build.0 = CD_ROM
		{85703AF2-CB2D-4EA6-85D0-E935978416C6}.Debug|Any CPU.ActiveCfg = DVD-5
		{85703AF2-CB2D-4EA6-85D0-E935978416C6}.Debug|Any CPU.Build.0 = DVD-5
		{85703AF2-CB2D-4EA6-85D0-E935978416C6}.Debug|x64.ActiveCfg = DVD-5
		{85703AF2-CB2D-4EA6-85D0-E935978416C6}.Debug|x64.Build.0 = DVD-5
		{85703AF2-CB2D-4EA6-85D0-E935978416C6}.Debug|x86.ActiveCfg = DVD-5
		{85703AF2-CB2D-4EA6-85D0-E935978416C6}.Debug|x86.Build.0 = DVD-5
		{85703AF2-CB2D-4EA6-85D0-E935978416C6}.DVD-5|Any CPU.ActiveCfg = DVD-5
		{85703AF2-CB2D-4EA6-85D0-E935978416C6}.DVD-5|Any CPU.Build.0 = DVD-5
		{85703AF2-CB2D-4EA6-85D0-E935978416C6}.DVD-5|x64.ActiveCfg = DVD-5
		{85703AF2-CB2D-4EA6-85D0-E935978416C6}.DVD-5|x64.Build.0 = DVD-5
		{85703AF2-CB2D-4EA6-85D0-E935978416C6}.DVD-5|x86.ActiveCfg = DVD-5
		{85703AF2-CB2D-4EA6-85D0-E935978416C6}.DVD-5|x86.Build.0 = DVD-5
		{85703AF2-CB2D-4EA6-85D0-E935978416C6}.Release|Any CPU.ActiveCfg = SingleImage
		{85703AF2-CB2D-4EA6-85D0-E935978416C6}.Release|Any CPU.Build.0 = SingleImage
		{85703AF2-CB2D-4EA6-85D0-E935978416C6}.Release|x64.ActiveCfg = SingleImage
		{85703AF2-CB2D-4EA6-85D0-E935978416C6}.Release|x64.Build.0 = SingleImage
		{85703AF2-CB2D-4EA6-85D0-E935978416C6}.Release|x86.ActiveCfg = SingleImage
		{85703AF2-CB2D-4EA6-85D0-E935978416C6}.Release|x86.Build.0 = SingleImage
		{85703AF2-CB2D-4EA6-85D0-E935978416C6}.SingleImage|Any CPU.ActiveCfg = SingleImage
		{85703AF2-CB2D-4EA6-85D0-E935978416C6}.SingleImage|Any CPU.Build.0 = SingleImage
		{85703AF2-CB2D-4EA6-85D0-E935978416C6}.SingleImage|x64.ActiveCfg = SingleImage
		{85703AF2-CB2D-4EA6-85D0-E935978416C6}.SingleImage|x64.Build.0 = SingleImage
		{85703AF2-CB2D-4EA6-85D0-E935978416C6}.SingleImage|x86.ActiveCfg = SingleImage
		{85703AF2-CB2D-4EA6-85D0-E935978416C6}.SingleImage|x86.Build.0 = SingleImage
	EndGlobalSection
	GlobalSection(SolutionProperties) = preSolution
		HideSolutionNode = FALSE
	EndGlobalSection
EndGlobal
